
Microsoft Visual Studio Solution File, Format Version 12.00
# Visual Studio Version 17
VisualStudioVersion = 17.14.36408.4 d17.14
MinimumVisualStudioVersion = 10.0.40219.1
Project("{FAE04EC0-301F-11D3-BF4B-00C04F79EFBC}") = "DataMerger", "DataMerger.csproj", "{38D40DCD-F447-4435-B4A0-4B2FDFE313FC}"
EndProject
Global
	GlobalSection(SolutionConfigurationPlatforms) = preSolution
		Debug|Any CPU = Debug|Any CPU
		Release|Any CPU = Release|Any CPU
	EndGlobalSection
	GlobalSection(ProjectConfigurationPlatforms) = postSolution
		{38D40DCD-F447-4435-B4A0-4B2FDFE313FC}.Debug|Any CPU.ActiveCfg = Debug|Any CPU
		{38D40DCD-F447-4435-B4A0-4B2FDFE313FC}.Debug|Any CPU.Build.0 = Debug|Any CPU
		{38D40DCD-F447-4435-B4A0-4B2FDFE313FC}.Release|Any CPU.ActiveCfg = Release|Any CPU
		{38D40DCD-F447-4435-B4A0-4B2FDFE313FC}.Release|Any CPU.Build.0 = Release|Any CPU
	EndGlobalSection
	GlobalSection(SolutionProperties) = preSolution
		HideSolutionNode = FALSE
	EndGlobalSection
	GlobalSection(ExtensibilityGlobals) = postSolution
		SolutionGuid = {D3D9DFD5-AD43-4BFF-ACA7-19EA2F68EA32}
	EndGlobalSection
EndGlobal
